
Microsoft Visual Studio Solution File, Format Version 12.00
# Visual Studio 15
VisualStudioVersion = 15.0.27004.2005
MinimumVisualStudioVersion = 10.0.40219.1
Project("{FAE04EC0-301F-11D3-BF4B-00C04F79EFBC}") = "ConversorNumerosRomanos", "ConversorNumerosRomanos\ConversorNumerosRomanos.csproj", "{14BFCFC6-9A80-4558-8E13-2A890B5D4521}"
EndProject
Project("{FAE04EC0-301F-11D3-BF4B-00C04F79EFBC}") = "Conversor", "Conversor\Conversor.csproj", "{D81D5A6C-D69D-4484-96CC-B68E154743CC}"
EndProject
Global
	GlobalSection(SolutionConfigurationPlatforms) = preSolution
		Debug|Any CPU = Debug|Any CPU
		Release|Any CPU = Release|Any CPU
	EndGlobalSection
	GlobalSection(ProjectConfigurationPlatforms) = postSolution
		{14BFCFC6-9A80-4558-8E13-2A890B5D4521}.Debug|Any CPU.ActiveCfg = Debug|Any CPU
		{14BFCFC6-9A80-4558-8E13-2A890B5D4521}.Debug|Any CPU.Build.0 = Debug|Any CPU
		{14BFCFC6-9A80-4558-8E13-2A890B5D4521}.Release|Any CPU.ActiveCfg = Release|Any CPU
		{14BFCFC6-9A80-4558-8E13-2A890B5D4521}.Release|Any CPU.Build.0 = Release|Any CPU
		{D81D5A6C-D69D-4484-96CC-B68E154743CC}.Debug|Any CPU.ActiveCfg = Debug|Any CPU
		{D81D5A6C-D69D-4484-96CC-B68E154743CC}.Debug|Any CPU.Build.0 = Debug|Any CPU
		{D81D5A6C-D69D-4484-96CC-B68E154743CC}.Release|Any CPU.ActiveCfg = Release|Any CPU
		{D81D5A6C-D69D-4484-96CC-B68E154743CC}.Release|Any CPU.Build.0 = Release|Any CPU
	EndGlobalSection
	GlobalSection(SolutionProperties) = preSolution
		HideSolutionNode = FALSE
	EndGlobalSection
	GlobalSection(ExtensibilityGlobals) = postSolution
		SolutionGuid = {73C4D42F-2EA1-4CE3-971F-E21F7AA09633}
	EndGlobalSection
EndGlobal
